
Microsoft Visual Studio Solution File, Format Version 12.00
# Visual Studio Version 16
VisualStudioVersion = 16.0.29020.237
MinimumVisualStudioVersion = 10.0.40219.1
Project("{FAE04EC0-301F-11D3-BF4B-00C04F79EFBC}") = "Principio abierto cerrado", "Principio abierto cerrado\Principio abierto cerrado.csproj", "{AF2D47C8-F922-489F-AF39-9968986C28E2}"
EndProject
Global
	GlobalSection(SolutionConfigurationPlatforms) = preSolution
		Debug|Any CPU = Debug|Any CPU
		Release|Any CPU = Release|Any CPU
	EndGlobalSection
	GlobalSection(ProjectConfigurationPlatforms) = postSolution
		{AF2D47C8-F922-489F-AF39-9968986C28E2}.Debug|Any CPU.ActiveCfg = Debug|Any CPU
		{AF2D47C8-F922-489F-AF39-9968986C28E2}.Debug|Any CPU.Build.0 = Debug|Any CPU
		{AF2D47C8-F922-489F-AF39-9968986C28E2}.Release|Any CPU.ActiveCfg = Release|Any CPU
		{AF2D47C8-F922-489F-AF39-9968986C28E2}.Release|Any CPU.Build.0 = Release|Any CPU
	EndGlobalSection
	GlobalSection(SolutionProperties) = preSolution
		HideSolutionNode = FALSE
	EndGlobalSection
	GlobalSection(ExtensibilityGlobals) = postSolution
		SolutionGuid = {32B91EAB-3A8E-4E34-B075-24BBA1BC8308}
	EndGlobalSection
EndGlobal
