
Microsoft Visual Studio Solution File, Format Version 12.00
# Visual Studio Version 16
VisualStudioVersion = 16.0.29020.237
MinimumVisualStudioVersion = 10.0.40219.1
Project("{FAE04EC0-301F-11D3-BF4B-00C04F79EFBC}") = "Principio responsabilidad unica I", "Principio responsabilidad unica I\Principio responsabilidad unica I.csproj", "{FFF88506-715D-4035-8B07-3D29BE9AA407}"
EndProject
Global
	GlobalSection(SolutionConfigurationPlatforms) = preSolution
		Debug|Any CPU = Debug|Any CPU
		Release|Any CPU = Release|Any CPU
	EndGlobalSection
	GlobalSection(ProjectConfigurationPlatforms) = postSolution
		{FFF88506-715D-4035-8B07-3D29BE9AA407}.Debug|Any CPU.ActiveCfg = Debug|Any CPU
		{FFF88506-715D-4035-8B07-3D29BE9AA407}.Debug|Any CPU.Build.0 = Debug|Any CPU
		{FFF88506-715D-4035-8B07-3D29BE9AA407}.Release|Any CPU.ActiveCfg = Release|Any CPU
		{FFF88506-715D-4035-8B07-3D29BE9AA407}.Release|Any CPU.Build.0 = Release|Any CPU
	EndGlobalSection
	GlobalSection(SolutionProperties) = preSolution
		HideSolutionNode = FALSE
	EndGlobalSection
	GlobalSection(ExtensibilityGlobals) = postSolution
		SolutionGuid = {22B01B5A-7536-4350-A87B-FAE3096D2586}
	EndGlobalSection
EndGlobal
